
Microsoft Visual Studio Solution File, Format Version 12.00
# Visual Studio 15
VisualStudioVersion = 15.0.27428.2011
MinimumVisualStudioVersion = 10.0.40219.1
Project("{FAE04EC0-301F-11D3-BF4B-00C04F79EFBC}") = "ProjekatJIM", "ProjekatJIM\ProjekatJIM.csproj", "{C3814637-37E1-4E34-9C1D-570E65D3C0D2}"
EndProject
Global
	GlobalSection(SolutionConfigurationPlatforms) = preSolution
		Debug|Any CPU = Debug|Any CPU
		Release|Any CPU = Release|Any CPU
	EndGlobalSection
	GlobalSection(ProjectConfigurationPlatforms) = postSolution
		{C3814637-37E1-4E34-9C1D-570E65D3C0D2}.Debug|Any CPU.ActiveCfg = Debug|Any CPU
		{C3814637-37E1-4E34-9C1D-570E65D3C0D2}.Debug|Any CPU.Build.0 = Debug|Any CPU
		{C3814637-37E1-4E34-9C1D-570E65D3C0D2}.Release|Any CPU.ActiveCfg = Release|Any CPU
		{C3814637-37E1-4E34-9C1D-570E65D3C0D2}.Release|Any CPU.Build.0 = Release|Any CPU
	EndGlobalSection
	GlobalSection(SolutionProperties) = preSolution
		HideSolutionNode = FALSE
	EndGlobalSection
	GlobalSection(ExtensibilityGlobals) = postSolution
		SolutionGuid = {1AED1B79-250C-41B9-A210-E2886FF5204C}
	EndGlobalSection
EndGlobal
